
Microsoft Visual Studio Solution File, Format Version 11.00
# Visual C++ Express 2010
Project("{8BC9CEB8-8B4A-11D0-8D11-00A0C91BC942}") = "DoublyLinkedList", "DoublyLinkedList\DoublyLinkedList.vcxproj", "{DECCCE21-55B0-4BE8-AFE0-6FF2AE39D51D}"
EndProject
Global
	GlobalSection(SolutionConfigurationPlatforms) = preSolution
		Debug|Win32 = Debug|Win32
		Release|Win32 = Release|Win32
	EndGlobalSection
	GlobalSection(ProjectConfigurationPlatforms) = postSolution
		{DECCCE21-55B0-4BE8-AFE0-6FF2AE39D51D}.Debug|Win32.ActiveCfg = Debug|Win32
		{DECCCE21-55B0-4BE8-AFE0-6FF2AE39D51D}.Debug|Win32.Build.0 = Debug|Win32
		{DECCCE21-55B0-4BE8-AFE0-6FF2AE39D51D}.Release|Win32.ActiveCfg = Release|Win32
		{DECCCE21-55B0-4BE8-AFE0-6FF2AE39D51D}.Release|Win32.Build.0 = Release|Win32
	EndGlobalSection
	GlobalSection(SolutionProperties) = preSolution
		HideSolutionNode = FALSE
	EndGlobalSection
EndGlobal
